
Microsoft Visual Studio Solution File, Format Version 12.00
Project("{FAE04EC0-301F-11D3-BF4B-00C04F79EFBC}") = "Swagger-OpenId-OAuth2", "Swagger-OpenId-OAuth2\Swagger-OpenId-OAuth2.csproj", "{A00B747D-0CC9-433A-BDCB-8B996D6D037F}"
EndProject
Global
	GlobalSection(SolutionConfigurationPlatforms) = preSolution
		Debug|Any CPU = Debug|Any CPU
		Release|Any CPU = Release|Any CPU
	EndGlobalSection
	GlobalSection(ProjectConfigurationPlatforms) = postSolution
		{A00B747D-0CC9-433A-BDCB-8B996D6D037F}.Debug|Any CPU.ActiveCfg = Debug|Any CPU
		{A00B747D-0CC9-433A-BDCB-8B996D6D037F}.Debug|Any CPU.Build.0 = Debug|Any CPU
		{A00B747D-0CC9-433A-BDCB-8B996D6D037F}.Release|Any CPU.ActiveCfg = Release|Any CPU
		{A00B747D-0CC9-433A-BDCB-8B996D6D037F}.Release|Any CPU.Build.0 = Release|Any CPU
	EndGlobalSection
EndGlobal
